
Microsoft Visual Studio Solution File, Format Version 12.00
# Visual Studio Version 16
VisualStudioVersion = 16.0.29613.14
MinimumVisualStudioVersion = 10.0.40219.1
Project("{FAE04EC0-301F-11D3-BF4B-00C04F79EFBC}") = "ExpressionTreeOptimization", "ExpressionTreeOptimization\ExpressionTreeOptimization.csproj", "{C5F693C0-13C2-4190-8C76-1687B4C0220C}"
EndProject
Global
	GlobalSection(SolutionConfigurationPlatforms) = preSolution
		Debug|Any CPU = Debug|Any CPU
		Release|Any CPU = Release|Any CPU
	EndGlobalSection
	GlobalSection(ProjectConfigurationPlatforms) = postSolution
		{C5F693C0-13C2-4190-8C76-1687B4C0220C}.Debug|Any CPU.ActiveCfg = Debug|Any CPU
		{C5F693C0-13C2-4190-8C76-1687B4C0220C}.Debug|Any CPU.Build.0 = Debug|Any CPU
		{C5F693C0-13C2-4190-8C76-1687B4C0220C}.Release|Any CPU.ActiveCfg = Release|Any CPU
		{C5F693C0-13C2-4190-8C76-1687B4C0220C}.Release|Any CPU.Build.0 = Release|Any CPU
	EndGlobalSection
	GlobalSection(SolutionProperties) = preSolution
		HideSolutionNode = FALSE
	EndGlobalSection
	GlobalSection(ExtensibilityGlobals) = postSolution
		SolutionGuid = {27BAB0FA-1810-4652-A58E-375CAC55FCDC}
	EndGlobalSection
EndGlobal
